
Microsoft Visual Studio Solution File, Format Version 12.00
# Visual Studio Version 17
VisualStudioVersion = 17.12.35527.113 d17.12
MinimumVisualStudioVersion = 10.0.40219.1
Project("{FAE04EC0-301F-11D3-BF4B-00C04F79EFBC}") = "EncryptSortAndPrintArray", "EncryptSortAndPrintArray\EncryptSortAndPrintArray.csproj", "{2D6F2CAC-DBF3-4B8C-8D7E-294F79DC2412}"
EndProject
Project("{FAE04EC0-301F-11D3-BF4B-00C04F79EFBC}") = "PascalTriangle", "PascalTriangle\PascalTriangle.csproj", "{1031FB36-ACC1-4338-8023-0BC7B8340274}"
EndProject
Global
	GlobalSection(SolutionConfigurationPlatforms) = preSolution
		Debug|Any CPU = Debug|Any CPU
		Release|Any CPU = Release|Any CPU
	EndGlobalSection
	GlobalSection(ProjectConfigurationPlatforms) = postSolution
		{2D6F2CAC-DBF3-4B8C-8D7E-294F79DC2412}.Debug|Any CPU.ActiveCfg = Debug|Any CPU
		{2D6F2CAC-DBF3-4B8C-8D7E-294F79DC2412}.Debug|Any CPU.Build.0 = Debug|Any CPU
		{2D6F2CAC-DBF3-4B8C-8D7E-294F79DC2412}.Release|Any CPU.ActiveCfg = Release|Any CPU
		{2D6F2CAC-DBF3-4B8C-8D7E-294F79DC2412}.Release|Any CPU.Build.0 = Release|Any CPU
		{1031FB36-ACC1-4338-8023-0BC7B8340274}.Debug|Any CPU.ActiveCfg = Debug|Any CPU
		{1031FB36-ACC1-4338-8023-0BC7B8340274}.Debug|Any CPU.Build.0 = Debug|Any CPU
		{1031FB36-ACC1-4338-8023-0BC7B8340274}.Release|Any CPU.ActiveCfg = Release|Any CPU
		{1031FB36-ACC1-4338-8023-0BC7B8340274}.Release|Any CPU.Build.0 = Release|Any CPU
	EndGlobalSection
	GlobalSection(SolutionProperties) = preSolution
		HideSolutionNode = FALSE
	EndGlobalSection
EndGlobal
